// !$*UTF8*$!
{
	archiveVersion = 1;
	classes = {
	};
	objectVersion = 51;
	objects = {

/* Begin PBXBuildFile section */
		2F42BE3623DA9B7700B9EDAC /* AppDelegate.swift in Sources */ = {isa = PBXBuildFile; fileRef = 2F42BE3523DA9B7700B9EDAC /* AppDelegate.swift */; };
		2F42BE3A23DA9B7700B9EDAC /* PhotoListViewController.swift in Sources */ = {isa = PBXBuildFile; fileRef = 2F42BE3923DA9B7700B9EDAC /* PhotoListViewController.swift */; };
		2F42BE3F23DA9B7900B9EDAC /* Assets.xcassets in Resources */ = {isa = PBXBuildFile; fileRef = 2F42BE3E23DA9B7900B9EDAC /* Assets.xcassets */; };
		2F42BE4223DA9B7900B9EDAC /* LaunchScreen.storyboard in Resources */ = {isa = PBXBuildFile; fileRef = 2F42BE4023DA9B7900B9EDAC /* LaunchScreen.storyboard */; };
		2F42BE4D23DA9B7900B9EDAC /* ImagePickerTests.swift in Sources */ = {isa = PBXBuildFile; fileRef = 2F42BE4C23DA9B7900B9EDAC /* ImagePickerTests.swift */; };
		2F7EF82F23DD8A00006D3B91 /* GeneratedMocks.swift in Sources */ = {isa = PBXBuildFile; fileRef = 2F7EF82E23DD8A00006D3B91 /* GeneratedMocks.swift */; };
		2F7EF83323DD8BFB006D3B91 /* MockPHPhotoLibraryAdaptable+Stub.swift in Sources */ = {isa = PBXBuildFile; fileRef = 2F7EF83223DD8BFB006D3B91 /* MockPHPhotoLibraryAdaptable+Stub.swift */; };
		2F7EF83623DD8C71006D3B91 /* MockPhotoListPresentationLogic+Stub.swift in Sources */ = {isa = PBXBuildFile; fileRef = 2F7EF83523DD8C71006D3B91 /* MockPhotoListPresentationLogic+Stub.swift */; };
		2F7EF83923DD8D8F006D3B91 /* UIAlertController+Make.swift in Sources */ = {isa = PBXBuildFile; fileRef = 2F7EF83823DD8D8F006D3B91 /* UIAlertController+Make.swift */; };
		2F7EF83D23DD9047006D3B91 /* main.swift in Sources */ = {isa = PBXBuildFile; fileRef = 2F7EF83C23DD9047006D3B91 /* main.swift */; };
		2F7EF83F23DD905E006D3B91 /* TestAppDelegate.swift in Sources */ = {isa = PBXBuildFile; fileRef = 2F7EF83E23DD905E006D3B91 /* TestAppDelegate.swift */; };
		2F8D11BA23DD727300C93E22 /* PhotoListInteractor.swift in Sources */ = {isa = PBXBuildFile; fileRef = 2F8D11B923DD727300C93E22 /* PhotoListInteractor.swift */; };
		2F8D11BC23DD728400C93E22 /* PhotoListRouter.swift in Sources */ = {isa = PBXBuildFile; fileRef = 2F8D11BB23DD728400C93E22 /* PhotoListRouter.swift */; };
		2F8D11BF23DD72E700C93E22 /* PhotoDetailViewController.swift in Sources */ = {isa = PBXBuildFile; fileRef = 2F8D11BE23DD72E700C93E22 /* PhotoDetailViewController.swift */; };
		2F8D11C123DD75A300C93E22 /* PhotoListPresenter.swift in Sources */ = {isa = PBXBuildFile; fileRef = 2F8D11C023DD75A300C93E22 /* PhotoListPresenter.swift */; };
		2F8D11C323DD807D00C93E22 /* BaseViewController.swift in Sources */ = {isa = PBXBuildFile; fileRef = 2F8D11C223DD807D00C93E22 /* BaseViewController.swift */; };
		2F8D11C823DD861800C93E22 /* Logger.swift in Sources */ = {isa = PBXBuildFile; fileRef = 2F8D11C723DD861800C93E22 /* Logger.swift */; };
		2F8D11CA23DD872500C93E22 /* PHPhotoLibraryAdapter.swift in Sources */ = {isa = PBXBuildFile; fileRef = 2F8D11C923DD872500C93E22 /* PHPhotoLibraryAdapter.swift */; };
		2F8D11CC23DD87F900C93E22 /* PhotoListInteractorTests.swift in Sources */ = {isa = PBXBuildFile; fileRef = 2F8D11CB23DD87F900C93E22 /* PhotoListInteractorTests.swift */; };
		2FC51ED523DD9DC500F05F12 /* ThumbnailCell.swift in Sources */ = {isa = PBXBuildFile; fileRef = 2FC51ED423DD9DC500F05F12 /* ThumbnailCell.swift */; };
		2FC51ED723DD9FDA00F05F12 /* CellReusableIdentifier.swift in Sources */ = {isa = PBXBuildFile; fileRef = 2FC51ED623DD9FDA00F05F12 /* CellReusableIdentifier.swift */; };
		2FC51ED923DDA01A00F05F12 /* UICollectionView+Register.swift in Sources */ = {isa = PBXBuildFile; fileRef = 2FC51ED823DDA01A00F05F12 /* UICollectionView+Register.swift */; };
		2FC51EDB23DDA07700F05F12 /* ViewInitializable.swift in Sources */ = {isa = PBXBuildFile; fileRef = 2FC51EDA23DDA07700F05F12 /* ViewInitializable.swift */; };
		2FC51EDD23DDA90900F05F12 /* ThumbnailViewModel.swift in Sources */ = {isa = PBXBuildFile; fileRef = 2FC51EDC23DDA90900F05F12 /* ThumbnailViewModel.swift */; };
		2FC51EE023DDA94400F05F12 /* PhotoListSection.swift in Sources */ = {isa = PBXBuildFile; fileRef = 2FC51EDF23DDA94400F05F12 /* PhotoListSection.swift */; };
		2FC51EE323DDB72300F05F12 /* PHAsset+Thumbnail.swift in Sources */ = {isa = PBXBuildFile; fileRef = 2FC51EE223DDB72300F05F12 /* PHAsset+Thumbnail.swift */; };
		2FC51EE523DDB82500F05F12 /* PhotoListDataSource.swift in Sources */ = {isa = PBXBuildFile; fileRef = 2FC51EE423DDB82500F05F12 /* PhotoListDataSource.swift */; };
		2FC51EE723DDB8B900F05F12 /* UICollectionView+Section.swift in Sources */ = {isa = PBXBuildFile; fileRef = 2FC51EE623DDB8B900F05F12 /* UICollectionView+Section.swift */; };
		2FF3F76323DC2F5D00D2D75F /* PHPhotoLibrary+Extension.swift in Sources */ = {isa = PBXBuildFile; fileRef = 2FF3F75E23DC2F5D00D2D75F /* PHPhotoLibrary+Extension.swift */; };
		2FF3F76423DC2F5D00D2D75F /* PhotoFetchOptions.swift in Sources */ = {isa = PBXBuildFile; fileRef = 2FF3F75F23DC2F5D00D2D75F /* PhotoFetchOptions.swift */; };
		2FF3F76523DC2F5D00D2D75F /* PhotoListWorker.swift in Sources */ = {isa = PBXBuildFile; fileRef = 2FF3F76123DC2F5D00D2D75F /* PhotoListWorker.swift */; };
		2FF3F76923DC366700D2D75F /* AlbumPresent.swift in Sources */ = {isa = PBXBuildFile; fileRef = 2FF3F76823DC366700D2D75F /* AlbumPresent.swift */; };
		2FF3F76F23DC4DB800D2D75F /* BottomMenuView.swift in Sources */ = {isa = PBXBuildFile; fileRef = 2FF3F76E23DC4DB800D2D75F /* BottomMenuView.swift */; };
		3F7F892F7AFF153ECF943D1A /* Pods_ImagePickerTests.framework in Frameworks */ = {isa = PBXBuildFile; fileRef = DA50FB14AD76648CD2BA8E5E /* Pods_ImagePickerTests.framework */; };
		48C6DB2DC3FC38C70C8AC83A /* Pods_ImagePicker.framework in Frameworks */ = {isa = PBXBuildFile; fileRef = 0E9A76ECD9D9AB3C8E63A0BC /* Pods_ImagePicker.framework */; };
/* End PBXBuildFile section */

/* Begin PBXContainerItemProxy section */
		2F42BE4923DA9B7900B9EDAC /* PBXContainerItemProxy */ = {
			isa = PBXContainerItemProxy;
			containerPortal = 2F42BE2A23DA9B7700B9EDAC /* Project object */;
			proxyType = 1;
			remoteGlobalIDString = 2F42BE3123DA9B7700B9EDAC;
			remoteInfo = ImagePicker;
		};
/* End PBXContainerItemProxy section */

/* Begin PBXFileReference section */
		0E9A76ECD9D9AB3C8E63A0BC /* Pods_ImagePicker.framework */ = {isa = PBXFileReference; explicitFileType = wrapper.framework; includeInIndex = 0; path = Pods_ImagePicker.framework; sourceTree = BUILT_PRODUCTS_DIR; };
		29019D67D06CDAF6B5A82402 /* Pods-ImagePicker.debug.xcconfig */ = {isa = PBXFileReference; includeInIndex = 1; lastKnownFileType = text.xcconfig; name = "Pods-ImagePicker.debug.xcconfig"; path = "Target Support Files/Pods-ImagePicker/Pods-ImagePicker.debug.xcconfig"; sourceTree = "<group>"; };
		2F42BE3223DA9B7700B9EDAC /* ImagePicker.app */ = {isa = PBXFileReference; explicitFileType = wrapper.application; includeInIndex = 0; path = ImagePicker.app; sourceTree = BUILT_PRODUCTS_DIR; };
		2F42BE3523DA9B7700B9EDAC /* AppDelegate.swift */ = {isa = PBXFileReference; lastKnownFileType = sourcecode.swift; path = AppDelegate.swift; sourceTree = "<group>"; };
		2F42BE3923DA9B7700B9EDAC /* PhotoListViewController.swift */ = {isa = PBXFileReference; lastKnownFileType = sourcecode.swift; path = PhotoListViewController.swift; sourceTree = "<group>"; };
		2F42BE3E23DA9B7900B9EDAC /* Assets.xcassets */ = {isa = PBXFileReference; lastKnownFileType = folder.assetcatalog; path = Assets.xcassets; sourceTree = "<group>"; };
		2F42BE4123DA9B7900B9EDAC /* Base */ = {isa = PBXFileReference; lastKnownFileType = file.storyboard; name = Base; path = Base.lproj/LaunchScreen.storyboard; sourceTree = "<group>"; };
		2F42BE4323DA9B7900B9EDAC /* Info.plist */ = {isa = PBXFileReference; lastKnownFileType = text.plist.xml; path = Info.plist; sourceTree = "<group>"; };
		2F42BE4823DA9B7900B9EDAC /* ImagePickerTests.xctest */ = {isa = PBXFileReference; explicitFileType = wrapper.cfbundle; includeInIndex = 0; path = ImagePickerTests.xctest; sourceTree = BUILT_PRODUCTS_DIR; };
		2F42BE4C23DA9B7900B9EDAC /* ImagePickerTests.swift */ = {isa = PBXFileReference; lastKnownFileType = sourcecode.swift; path = ImagePickerTests.swift; sourceTree = "<group>"; };
		2F42BE4E23DA9B7900B9EDAC /* Info.plist */ = {isa = PBXFileReference; lastKnownFileType = text.plist.xml; path = Info.plist; sourceTree = "<group>"; };
		2F7EF82E23DD8A00006D3B91 /* GeneratedMocks.swift */ = {isa = PBXFileReference; fileEncoding = 4; lastKnownFileType = sourcecode.swift; path = GeneratedMocks.swift; sourceTree = "<group>"; };
		2F7EF83223DD8BFB006D3B91 /* MockPHPhotoLibraryAdaptable+Stub.swift */ = {isa = PBXFileReference; lastKnownFileType = sourcecode.swift; path = "MockPHPhotoLibraryAdaptable+Stub.swift"; sourceTree = "<group>"; };
		2F7EF83523DD8C71006D3B91 /* MockPhotoListPresentationLogic+Stub.swift */ = {isa = PBXFileReference; lastKnownFileType = sourcecode.swift; path = "MockPhotoListPresentationLogic+Stub.swift"; sourceTree = "<group>"; };
		2F7EF83823DD8D8F006D3B91 /* UIAlertController+Make.swift */ = {isa = PBXFileReference; lastKnownFileType = sourcecode.swift; path = "UIAlertController+Make.swift"; sourceTree = "<group>"; };
		2F7EF83C23DD9047006D3B91 /* main.swift */ = {isa = PBXFileReference; lastKnownFileType = sourcecode.swift; path = main.swift; sourceTree = "<group>"; };
		2F7EF83E23DD905E006D3B91 /* TestAppDelegate.swift */ = {isa = PBXFileReference; lastKnownFileType = sourcecode.swift; path = TestAppDelegate.swift; sourceTree = "<group>"; };
		2F8D11B923DD727300C93E22 /* PhotoListInteractor.swift */ = {isa = PBXFileReference; lastKnownFileType = sourcecode.swift; path = PhotoListInteractor.swift; sourceTree = "<group>"; };
		2F8D11BB23DD728400C93E22 /* PhotoListRouter.swift */ = {isa = PBXFileReference; lastKnownFileType = sourcecode.swift; path = PhotoListRouter.swift; sourceTree = "<group>"; };
		2F8D11BE23DD72E700C93E22 /* PhotoDetailViewController.swift */ = {isa = PBXFileReference; lastKnownFileType = sourcecode.swift; path = PhotoDetailViewController.swift; sourceTree = "<group>"; };
		2F8D11C023DD75A300C93E22 /* PhotoListPresenter.swift */ = {isa = PBXFileReference; fileEncoding = 4; lastKnownFileType = sourcecode.swift; path = PhotoListPresenter.swift; sourceTree = "<group>"; };
		2F8D11C223DD807D00C93E22 /* BaseViewController.swift */ = {isa = PBXFileReference; lastKnownFileType = sourcecode.swift; path = BaseViewController.swift; sourceTree = "<group>"; };
		2F8D11C723DD861800C93E22 /* Logger.swift */ = {isa = PBXFileReference; lastKnownFileType = sourcecode.swift; path = Logger.swift; sourceTree = "<group>"; };
		2F8D11C923DD872500C93E22 /* PHPhotoLibraryAdapter.swift */ = {isa = PBXFileReference; lastKnownFileType = sourcecode.swift; path = PHPhotoLibraryAdapter.swift; sourceTree = "<group>"; };
		2F8D11CB23DD87F900C93E22 /* PhotoListInteractorTests.swift */ = {isa = PBXFileReference; lastKnownFileType = sourcecode.swift; path = PhotoListInteractorTests.swift; sourceTree = "<group>"; };
		2FC51ED423DD9DC500F05F12 /* ThumbnailCell.swift */ = {isa = PBXFileReference; lastKnownFileType = sourcecode.swift; path = ThumbnailCell.swift; sourceTree = "<group>"; };
		2FC51ED623DD9FDA00F05F12 /* CellReusableIdentifier.swift */ = {isa = PBXFileReference; lastKnownFileType = sourcecode.swift; path = CellReusableIdentifier.swift; sourceTree = "<group>"; };
		2FC51ED823DDA01A00F05F12 /* UICollectionView+Register.swift */ = {isa = PBXFileReference; lastKnownFileType = sourcecode.swift; path = "UICollectionView+Register.swift"; sourceTree = "<group>"; };
		2FC51EDA23DDA07700F05F12 /* ViewInitializable.swift */ = {isa = PBXFileReference; lastKnownFileType = sourcecode.swift; path = ViewInitializable.swift; sourceTree = "<group>"; };
		2FC51EDC23DDA90900F05F12 /* ThumbnailViewModel.swift */ = {isa = PBXFileReference; lastKnownFileType = sourcecode.swift; path = ThumbnailViewModel.swift; sourceTree = "<group>"; };
		2FC51EDF23DDA94400F05F12 /* PhotoListSection.swift */ = {isa = PBXFileReference; lastKnownFileType = sourcecode.swift; path = PhotoListSection.swift; sourceTree = "<group>"; };
		2FC51EE223DDB72300F05F12 /* PHAsset+Thumbnail.swift */ = {isa = PBXFileReference; lastKnownFileType = sourcecode.swift; path = "PHAsset+Thumbnail.swift"; sourceTree = "<group>"; };
		2FC51EE423DDB82500F05F12 /* PhotoListDataSource.swift */ = {isa = PBXFileReference; lastKnownFileType = sourcecode.swift; path = PhotoListDataSource.swift; sourceTree = "<group>"; };
		2FC51EE623DDB8B900F05F12 /* UICollectionView+Section.swift */ = {isa = PBXFileReference; lastKnownFileType = sourcecode.swift; path = "UICollectionView+Section.swift"; sourceTree = "<group>"; };
		2FF3F75823DC2F0100D2D75F /* AssinPhotoKit.framework */ = {isa = PBXFileReference; explicitFileType = wrapper.framework; path = AssinPhotoKit.framework; sourceTree = BUILT_PRODUCTS_DIR; };
		2FF3F75E23DC2F5D00D2D75F /* PHPhotoLibrary+Extension.swift */ = {isa = PBXFileReference; fileEncoding = 4; lastKnownFileType = sourcecode.swift; path = "PHPhotoLibrary+Extension.swift"; sourceTree = "<group>"; };
		2FF3F75F23DC2F5D00D2D75F /* PhotoFetchOptions.swift */ = {isa = PBXFileReference; fileEncoding = 4; lastKnownFileType = sourcecode.swift; path = PhotoFetchOptions.swift; sourceTree = "<group>"; };
		2FF3F76123DC2F5D00D2D75F /* PhotoListWorker.swift */ = {isa = PBXFileReference; fileEncoding = 4; lastKnownFileType = sourcecode.swift; path = PhotoListWorker.swift; sourceTree = "<group>"; };
		2FF3F76823DC366700D2D75F /* AlbumPresent.swift */ = {isa = PBXFileReference; lastKnownFileType = sourcecode.swift; path = AlbumPresent.swift; sourceTree = "<group>"; };
		2FF3F76E23DC4DB800D2D75F /* BottomMenuView.swift */ = {isa = PBXFileReference; lastKnownFileType = sourcecode.swift; path = BottomMenuView.swift; sourceTree = "<group>"; };
		558DA6A8640C3F34DB8C7E9A /* Pods-ImagePicker.release.xcconfig */ = {isa = PBXFileReference; includeInIndex = 1; lastKnownFileType = text.xcconfig; name = "Pods-ImagePicker.release.xcconfig"; path = "Target Support Files/Pods-ImagePicker/Pods-ImagePicker.release.xcconfig"; sourceTree = "<group>"; };
		65C8E258413B23313E1FCEE5 /* Pods-ImagePickerTests.debug.xcconfig */ = {isa = PBXFileReference; includeInIndex = 1; lastKnownFileType = text.xcconfig; name = "Pods-ImagePickerTests.debug.xcconfig"; path = "Target Support Files/Pods-ImagePickerTests/Pods-ImagePickerTests.debug.xcconfig"; sourceTree = "<group>"; };
		D0CAF4EC3EFCA39082E1DB48 /* Pods-ImagePickerTests.release.xcconfig */ = {isa = PBXFileReference; includeInIndex = 1; lastKnownFileType = text.xcconfig; name = "Pods-ImagePickerTests.release.xcconfig"; path = "Target Support Files/Pods-ImagePickerTests/Pods-ImagePickerTests.release.xcconfig"; sourceTree = "<group>"; };
		DA50FB14AD76648CD2BA8E5E /* Pods_ImagePickerTests.framework */ = {isa = PBXFileReference; explicitFileType = wrapper.framework; includeInIndex = 0; path = Pods_ImagePickerTests.framework; sourceTree = BUILT_PRODUCTS_DIR; };
/* End PBXFileReference section */

/* Begin PBXFrameworksBuildPhase section */
		2F42BE2F23DA9B7700B9EDAC /* Frameworks */ = {
			isa = PBXFrameworksBuildPhase;
			buildActionMask = 2147483647;
			files = (
				48C6DB2DC3FC38C70C8AC83A /* Pods_ImagePicker.framework in Frameworks */,
			);
			runOnlyForDeploymentPostprocessing = 0;
		};
		2F42BE4523DA9B7900B9EDAC /* Frameworks */ = {
			isa = PBXFrameworksBuildPhase;
			buildActionMask = 2147483647;
			files = (
				3F7F892F7AFF153ECF943D1A /* Pods_ImagePickerTests.framework in Frameworks */,
			);
			runOnlyForDeploymentPostprocessing = 0;
		};
/* End PBXFrameworksBuildPhase section */

/* Begin PBXGroup section */
		15AE485508C3458B3AF8F5C1 /* Pods */ = {
			isa = PBXGroup;
			children = (
				29019D67D06CDAF6B5A82402 /* Pods-ImagePicker.debug.xcconfig */,
				558DA6A8640C3F34DB8C7E9A /* Pods-ImagePicker.release.xcconfig */,
				65C8E258413B23313E1FCEE5 /* Pods-ImagePickerTests.debug.xcconfig */,
				D0CAF4EC3EFCA39082E1DB48 /* Pods-ImagePickerTests.release.xcconfig */,
			);
			path = Pods;
			sourceTree = "<group>";
		};
		2F42BE2923DA9B7700B9EDAC = {
			isa = PBXGroup;
			children = (
				2F42BE3423DA9B7700B9EDAC /* ImagePicker */,
				2F42BE4B23DA9B7900B9EDAC /* ImagePickerTests */,
				2F42BE3323DA9B7700B9EDAC /* Products */,
				15AE485508C3458B3AF8F5C1 /* Pods */,
				90B5BBCCFB5AD0F4CD070BC3 /* Frameworks */,
			);
			sourceTree = "<group>";
		};
		2F42BE3323DA9B7700B9EDAC /* Products */ = {
			isa = PBXGroup;
			children = (
				2F42BE3223DA9B7700B9EDAC /* ImagePicker.app */,
				2F42BE4823DA9B7900B9EDAC /* ImagePickerTests.xctest */,
			);
			name = Products;
			sourceTree = "<group>";
		};
		2F42BE3423DA9B7700B9EDAC /* ImagePicker */ = {
			isa = PBXGroup;
			children = (
				2F7EF83023DD8A97006D3B91 /* General */,
				2F8D11C623DD861000C93E22 /* Utils */,
				2FF3F76E23DC4DB800D2D75F /* BottomMenuView.swift */,
				2F8D11B723DD715600C93E22 /* Scenes */,
				2FF3F76D23DC464400D2D75F /* Photos */,
				2FF3F76023DC2F5D00D2D75F /* Model */,
				2F42BE3523DA9B7700B9EDAC /* AppDelegate.swift */,
				2F42BE3E23DA9B7900B9EDAC /* Assets.xcassets */,
				2F42BE4023DA9B7900B9EDAC /* LaunchScreen.storyboard */,
				2F42BE4323DA9B7900B9EDAC /* Info.plist */,
				2F7EF83C23DD9047006D3B91 /* main.swift */,
			);
			path = ImagePicker;
			sourceTree = "<group>";
		};
		2F42BE4B23DA9B7900B9EDAC /* ImagePickerTests */ = {
			isa = PBXGroup;
			children = (
				2F7EF83A23DD8F38006D3B91 /* Scenes */,
				2F7EF83123DD8BED006D3B91 /* SUT */,
				2F7EF82E23DD8A00006D3B91 /* GeneratedMocks.swift */,
				2F42BE4C23DA9B7900B9EDAC /* ImagePickerTests.swift */,
				2F42BE4E23DA9B7900B9EDAC /* Info.plist */,
				2F7EF83E23DD905E006D3B91 /* TestAppDelegate.swift */,
			);
			path = ImagePickerTests;
			sourceTree = "<group>";
		};
		2F7EF83023DD8A97006D3B91 /* General */ = {
			isa = PBXGroup;
			children = (
				2F8D11C923DD872500C93E22 /* PHPhotoLibraryAdapter.swift */,
				2F7EF83823DD8D8F006D3B91 /* UIAlertController+Make.swift */,
				2FC51ED623DD9FDA00F05F12 /* CellReusableIdentifier.swift */,
				2FC51ED823DDA01A00F05F12 /* UICollectionView+Register.swift */,
				2FC51EDA23DDA07700F05F12 /* ViewInitializable.swift */,
				2FC51EE623DDB8B900F05F12 /* UICollectionView+Section.swift */,
			);
			path = General;
			sourceTree = "<group>";
		};
		2F7EF83123DD8BED006D3B91 /* SUT */ = {
			isa = PBXGroup;
			children = (
				2F7EF83423DD8C5F006D3B91 /* Photos */,
			);
			path = SUT;
			sourceTree = "<group>";
		};
		2F7EF83423DD8C5F006D3B91 /* Photos */ = {
			isa = PBXGroup;
			children = (
				2F7EF83223DD8BFB006D3B91 /* MockPHPhotoLibraryAdaptable+Stub.swift */,
				2F7EF83523DD8C71006D3B91 /* MockPhotoListPresentationLogic+Stub.swift */,
			);
			path = Photos;
			sourceTree = "<group>";
		};
		2F7EF83A23DD8F38006D3B91 /* Scenes */ = {
			isa = PBXGroup;
			children = (
				2F7EF84123DD909E006D3B91 /* Photos */,
			);
			path = Scenes;
			sourceTree = "<group>";
		};
		2F7EF84123DD909E006D3B91 /* Photos */ = {
			isa = PBXGroup;
			children = (
				2F8D11CB23DD87F900C93E22 /* PhotoListInteractorTests.swift */,
			);
			path = Photos;
			sourceTree = "<group>";
		};
		2F8D11B723DD715600C93E22 /* Scenes */ = {
			isa = PBXGroup;
			children = (
				2F8D11C223DD807D00C93E22 /* BaseViewController.swift */,
				2F8D11BD23DD72D900C93E22 /* PhotoDetail */,
				2F8D11B823DD715B00C93E22 /* Photos */,
			);
			path = Scenes;
			sourceTree = "<group>";
		};
		2F8D11B823DD715B00C93E22 /* Photos */ = {
			isa = PBXGroup;
			children = (
				2FC51EDE23DDA93A00F05F12 /* Sections */,
				2FC51ED323DD9DBA00F05F12 /* Cell */,
				2F42BE3923DA9B7700B9EDAC /* PhotoListViewController.swift */,
				2F8D11B923DD727300C93E22 /* PhotoListInteractor.swift */,
				2F8D11C023DD75A300C93E22 /* PhotoListPresenter.swift */,
				2F8D11BB23DD728400C93E22 /* PhotoListRouter.swift */,
				2FF3F76123DC2F5D00D2D75F /* PhotoListWorker.swift */,
				2FF3F75F23DC2F5D00D2D75F /* PhotoFetchOptions.swift */,
				2FC51EE423DDB82500F05F12 /* PhotoListDataSource.swift */,
			);
			path = Photos;
			sourceTree = "<group>";
		};
		2F8D11BD23DD72D900C93E22 /* PhotoDetail */ = {
			isa = PBXGroup;
			children = (
				2F8D11BE23DD72E700C93E22 /* PhotoDetailViewController.swift */,
			);
			path = PhotoDetail;
			sourceTree = "<group>";
		};
		2F8D11C623DD861000C93E22 /* Utils */ = {
			isa = PBXGroup;
			children = (
				2F8D11C723DD861800C93E22 /* Logger.swift */,
			);
			path = Utils;
			sourceTree = "<group>";
		};
		2FC51ED323DD9DBA00F05F12 /* Cell */ = {
			isa = PBXGroup;
			children = (
				2FC51ED423DD9DC500F05F12 /* ThumbnailCell.swift */,
				2FC51EDC23DDA90900F05F12 /* ThumbnailViewModel.swift */,
				2FC51EE223DDB72300F05F12 /* PHAsset+Thumbnail.swift */,
			);
			path = Cell;
			sourceTree = "<group>";
		};
		2FC51EDE23DDA93A00F05F12 /* Sections */ = {
			isa = PBXGroup;
			children = (
				2FC51EDF23DDA94400F05F12 /* PhotoListSection.swift */,
			);
			path = Sections;
			sourceTree = "<group>";
		};
		2FF3F76023DC2F5D00D2D75F /* Model */ = {
			isa = PBXGroup;
			children = (
				2FF3F76823DC366700D2D75F /* AlbumPresent.swift */,
			);
			path = Model;
			sourceTree = "<group>";
		};
		2FF3F76D23DC464400D2D75F /* Photos */ = {
			isa = PBXGroup;
			children = (
				2FF3F75E23DC2F5D00D2D75F /* PHPhotoLibrary+Extension.swift */,
			);
			path = Photos;
			sourceTree = "<group>";
		};
		90B5BBCCFB5AD0F4CD070BC3 /* Frameworks */ = {
			isa = PBXGroup;
			children = (
				2FF3F75823DC2F0100D2D75F /* AssinPhotoKit.framework */,
				0E9A76ECD9D9AB3C8E63A0BC /* Pods_ImagePicker.framework */,
				DA50FB14AD76648CD2BA8E5E /* Pods_ImagePickerTests.framework */,
			);
			name = Frameworks;
			sourceTree = "<group>";
		};
/* End PBXGroup section */

/* Begin PBXNativeTarget section */
		2F42BE3123DA9B7700B9EDAC /* ImagePicker */ = {
			isa = PBXNativeTarget;
			buildConfigurationList = 2F42BE5123DA9B7900B9EDAC /* Build configuration list for PBXNativeTarget "ImagePicker" */;
			buildPhases = (
				3A19D88E3D6659FE181C58F3 /* [CP] Check Pods Manifest.lock */,
				2F42BE2E23DA9B7700B9EDAC /* Sources */,
				2F42BE2F23DA9B7700B9EDAC /* Frameworks */,
				2F42BE3023DA9B7700B9EDAC /* Resources */,
			);
			buildRules = (
			);
			dependencies = (
			);
			name = ImagePicker;
			productName = ImagePicker;
			productReference = 2F42BE3223DA9B7700B9EDAC /* ImagePicker.app */;
			productType = "com.apple.product-type.application";
		};
		2F42BE4723DA9B7900B9EDAC /* ImagePickerTests */ = {
			isa = PBXNativeTarget;
			buildConfigurationList = 2F42BE5423DA9B7900B9EDAC /* Build configuration list for PBXNativeTarget "ImagePickerTests" */;
			buildPhases = (
				95B320E305F3CF439915D091 /* [CP] Check Pods Manifest.lock */,
				2F7EF82D23DD8950006D3B91 /* [Mocking] Cuckoo */,
				2F42BE4423DA9B7900B9EDAC /* Sources */,
				2F42BE4523DA9B7900B9EDAC /* Frameworks */,
				2F42BE4623DA9B7900B9EDAC /* Resources */,
				0F99C712AA31DB7A77F0A1BA /* [CP] Embed Pods Frameworks */,
			);
			buildRules = (
			);
			dependencies = (
				2F42BE4A23DA9B7900B9EDAC /* PBXTargetDependency */,
			);
			name = ImagePickerTests;
			productName = ImagePickerTests;
			productReference = 2F42BE4823DA9B7900B9EDAC /* ImagePickerTests.xctest */;
			productType = "com.apple.product-type.bundle.unit-test";
		};
/* End PBXNativeTarget section */

/* Begin PBXProject section */
		2F42BE2A23DA9B7700B9EDAC /* Project object */ = {
			isa = PBXProject;
			attributes = {
				LastSwiftUpdateCheck = 1130;
				LastUpgradeCheck = 1130;
				ORGANIZATIONNAME = tyler;
				TargetAttributes = {
					2F42BE3123DA9B7700B9EDAC = {
						CreatedOnToolsVersion = 11.3;
					};
					2F42BE4723DA9B7900B9EDAC = {
						CreatedOnToolsVersion = 11.3;
						TestTargetID = 2F42BE3123DA9B7700B9EDAC;
					};
				};
			};
			buildConfigurationList = 2F42BE2D23DA9B7700B9EDAC /* Build configuration list for PBXProject "ImagePicker" */;
			compatibilityVersion = "Xcode 9.3";
			developmentRegion = en;
			hasScannedForEncodings = 0;
			knownRegions = (
				en,
				Base,
			);
			mainGroup = 2F42BE2923DA9B7700B9EDAC;
			productRefGroup = 2F42BE3323DA9B7700B9EDAC /* Products */;
			projectDirPath = "";
			projectRoot = "";
			targets = (
				2F42BE3123DA9B7700B9EDAC /* ImagePicker */,
				2F42BE4723DA9B7900B9EDAC /* ImagePickerTests */,
			);
		};
/* End PBXProject section */

/* Begin PBXResourcesBuildPhase section */
		2F42BE3023DA9B7700B9EDAC /* Resources */ = {
			isa = PBXResourcesBuildPhase;
			buildActionMask = 2147483647;
			files = (
				2F42BE4223DA9B7900B9EDAC /* LaunchScreen.storyboard in Resources */,
				2F42BE3F23DA9B7900B9EDAC /* Assets.xcassets in Resources */,
			);
			runOnlyForDeploymentPostprocessing = 0;
		};
		2F42BE4623DA9B7900B9EDAC /* Resources */ = {
			isa = PBXResourcesBuildPhase;
			buildActionMask = 2147483647;
			files = (
			);
			runOnlyForDeploymentPostprocessing = 0;
		};
/* End PBXResourcesBuildPhase section */

/* Begin PBXShellScriptBuildPhase section */
		0F99C712AA31DB7A77F0A1BA /* [CP] Embed Pods Frameworks */ = {
			isa = PBXShellScriptBuildPhase;
			buildActionMask = 2147483647;
			files = (
			);
			inputFileListPaths = (
				"${PODS_ROOT}/Target Support Files/Pods-ImagePickerTests/Pods-ImagePickerTests-frameworks-${CONFIGURATION}-input-files.xcfilelist",
			);
			name = "[CP] Embed Pods Frameworks";
			outputFileListPaths = (
				"${PODS_ROOT}/Target Support Files/Pods-ImagePickerTests/Pods-ImagePickerTests-frameworks-${CONFIGURATION}-output-files.xcfilelist",
			);
			runOnlyForDeploymentPostprocessing = 0;
			shellPath = /bin/sh;
			shellScript = "\"${PODS_ROOT}/Target Support Files/Pods-ImagePickerTests/Pods-ImagePickerTests-frameworks.sh\"\n";
			showEnvVarsInLog = 0;
		};
		2F7EF82D23DD8950006D3B91 /* [Mocking] Cuckoo */ = {
			isa = PBXShellScriptBuildPhase;
			buildActionMask = 2147483647;
			files = (
			);
			inputFileListPaths = (
			);
			inputPaths = (
			);
			name = "[Mocking] Cuckoo";
			outputFileListPaths = (
			);
			outputPaths = (
			);
			runOnlyForDeploymentPostprocessing = 0;
			shellPath = /bin/sh;
			shellScript = "# Type a script or drag a script file from your workspace to insert its path.\n# Define output file. Change \"${PROJECT_DIR}/${PROJECT_NAME}Tests\" to your test's root source folder, if it's not the default name.\nOUTPUT_FILE=\"${PROJECT_DIR}/${PROJECT_NAME}Tests/GeneratedMocks.swift\"\necho \"Generated Mocks File = ${OUTPUT_FILE}\"\n\n# Define input directory. Change \"${PROJECT_DIR}/${PROJECT_NAME}\" to your project's root source folder, if it's not the default name.\nINPUT_DIR=\"${PROJECT_DIR}/${PROJECT_NAME}\"\necho \"Mocks Input Directory = ${INPUT_DIR}\"\n\n# Generate mock files, include as many input files as you'd like to create mocks for.\n\"${PODS_ROOT}/Cuckoo/run\" generate --testable \"${PROJECT_NAME}\" --no-class-mocking \\\n--output \"${OUTPUT_FILE}\" \\\n\"${INPUT_DIR}/Scenes/Photos/PhotoListPresenter.swift\" \\\n\"${INPUT_DIR}/General/PHPhotoLibraryAdapter.swift\" \n# ... and so forth, the last line should never end with a backslash\n\n# After running once, locate `GeneratedMocks.swift` and drag it into your Xcode test target group.\n";
		};
		3A19D88E3D6659FE181C58F3 /* [CP] Check Pods Manifest.lock */ = {
			isa = PBXShellScriptBuildPhase;
			buildActionMask = 2147483647;
			files = (
			);
			inputFileListPaths = (
			);
			inputPaths = (
				"${PODS_PODFILE_DIR_PATH}/Podfile.lock",
				"${PODS_ROOT}/Manifest.lock",
			);
			name = "[CP] Check Pods Manifest.lock";
			outputFileListPaths = (
			);
			outputPaths = (
				"$(DERIVED_FILE_DIR)/Pods-ImagePicker-checkManifestLockResult.txt",
			);
			runOnlyForDeploymentPostprocessing = 0;
			shellPath = /bin/sh;
			shellScript = "diff \"${PODS_PODFILE_DIR_PATH}/Podfile.lock\" \"${PODS_ROOT}/Manifest.lock\" > /dev/null\nif [ $? != 0 ] ; then\n    # print error to STDERR\n    echo \"error: The sandbox is not in sync with the Podfile.lock. Run 'pod install' or update your CocoaPods installation.\" >&2\n    exit 1\nfi\n# This output is used by Xcode 'outputs' to avoid re-running this script phase.\necho \"SUCCESS\" > \"${SCRIPT_OUTPUT_FILE_0}\"\n";
			showEnvVarsInLog = 0;
		};
		95B320E305F3CF439915D091 /* [CP] Check Pods Manifest.lock */ = {
			isa = PBXShellScriptBuildPhase;
			buildActionMask = 2147483647;
			files = (
			);
			inputFileListPaths = (
			);
			inputPaths = (
				"${PODS_PODFILE_DIR_PATH}/Podfile.lock",
				"${PODS_ROOT}/Manifest.lock",
			);
			name = "[CP] Check Pods Manifest.lock";
			outputFileListPaths = (
			);
			outputPaths = (
				"$(DERIVED_FILE_DIR)/Pods-ImagePickerTests-checkManifestLockResult.txt",
			);
			runOnlyForDeploymentPostprocessing = 0;
			shellPath = /bin/sh;
			shellScript = "diff \"${PODS_PODFILE_DIR_PATH}/Podfile.lock\" \"${PODS_ROOT}/Manifest.lock\" > /dev/null\nif [ $? != 0 ] ; then\n    # print error to STDERR\n    echo \"error: The sandbox is not in sync with the Podfile.lock. Run 'pod install' or update your CocoaPods installation.\" >&2\n    exit 1\nfi\n# This output is used by Xcode 'outputs' to avoid re-running this script phase.\necho \"SUCCESS\" > \"${SCRIPT_OUTPUT_FILE_0}\"\n";
			showEnvVarsInLog = 0;
		};
/* End PBXShellScriptBuildPhase section */

/* Begin PBXSourcesBuildPhase section */
		2F42BE2E23DA9B7700B9EDAC /* Sources */ = {
			isa = PBXSourcesBuildPhase;
			buildActionMask = 2147483647;
			files = (
				2FC51EE023DDA94400F05F12 /* PhotoListSection.swift in Sources */,
				2F8D11CA23DD872500C93E22 /* PHPhotoLibraryAdapter.swift in Sources */,
				2FF3F76323DC2F5D00D2D75F /* PHPhotoLibrary+Extension.swift in Sources */,
				2FC51ED923DDA01A00F05F12 /* UICollectionView+Register.swift in Sources */,
				2F8D11BA23DD727300C93E22 /* PhotoListInteractor.swift in Sources */,
				2FC51EE523DDB82500F05F12 /* PhotoListDataSource.swift in Sources */,
				2F42BE3A23DA9B7700B9EDAC /* PhotoListViewController.swift in Sources */,
				2F42BE3623DA9B7700B9EDAC /* AppDelegate.swift in Sources */,
				2FC51EE723DDB8B900F05F12 /* UICollectionView+Section.swift in Sources */,
				2FC51ED523DD9DC500F05F12 /* ThumbnailCell.swift in Sources */,
				2FC51EE323DDB72300F05F12 /* PHAsset+Thumbnail.swift in Sources */,
				2FC51EDD23DDA90900F05F12 /* ThumbnailViewModel.swift in Sources */,
				2F8D11BF23DD72E700C93E22 /* PhotoDetailViewController.swift in Sources */,
				2F8D11C323DD807D00C93E22 /* BaseViewController.swift in Sources */,
				2F8D11C123DD75A300C93E22 /* PhotoListPresenter.swift in Sources */,
				2FC51ED723DD9FDA00F05F12 /* CellReusableIdentifier.swift in Sources */,
				2FF3F76F23DC4DB800D2D75F /* BottomMenuView.swift in Sources */,
				2FF3F76523DC2F5D00D2D75F /* PhotoListWorker.swift in Sources */,
				2F7EF83D23DD9047006D3B91 /* main.swift in Sources */,
				2F7EF83923DD8D8F006D3B91 /* UIAlertController+Make.swift in Sources */,
				2F8D11C823DD861800C93E22 /* Logger.swift in Sources */,
				2F8D11BC23DD728400C93E22 /* PhotoListRouter.swift in Sources */,
				2FF3F76423DC2F5D00D2D75F /* PhotoFetchOptions.swift in Sources */,
				2FC51EDB23DDA07700F05F12 /* ViewInitializable.swift in Sources */,
				2FF3F76923DC366700D2D75F /* AlbumPresent.swift in Sources */,
			);
			runOnlyForDeploymentPostprocessing = 0;
		};
		2F42BE4423DA9B7900B9EDAC /* Sources */ = {
			isa = PBXSourcesBuildPhase;
			buildActionMask = 2147483647;
			files = (
				2F42BE4D23DA9B7900B9EDAC /* ImagePickerTests.swift in Sources */,
				2F7EF83323DD8BFB006D3B91 /* MockPHPhotoLibraryAdaptable+Stub.swift in Sources */,
				2F7EF83F23DD905E006D3B91 /* TestAppDelegate.swift in Sources */,
				2F7EF82F23DD8A00006D3B91 /* GeneratedMocks.swift in Sources */,
				2F8D11CC23DD87F900C93E22 /* PhotoListInteractorTests.swift in Sources */,
				2F7EF83623DD8C71006D3B91 /* MockPhotoListPresentationLogic+Stub.swift in Sources */,
			);
			runOnlyForDeploymentPostprocessing = 0;
		};
/* End PBXSourcesBuildPhase section */

/* Begin PBXTargetDependency section */
		2F42BE4A23DA9B7900B9EDAC /* PBXTargetDependency */ = {
			isa = PBXTargetDependency;
			target = 2F42BE3123DA9B7700B9EDAC /* ImagePicker */;
			targetProxy = 2F42BE4923DA9B7900B9EDAC /* PBXContainerItemProxy */;
		};
/* End PBXTargetDependency section */

/* Begin PBXVariantGroup section */
		2F42BE4023DA9B7900B9EDAC /* LaunchScreen.storyboard */ = {
			isa = PBXVariantGroup;
			children = (
				2F42BE4123DA9B7900B9EDAC /* Base */,
			);
			name = LaunchScreen.storyboard;
			sourceTree = "<group>";
		};
/* End PBXVariantGroup section */

/* Begin XCBuildConfiguration section */
		2F42BE4F23DA9B7900B9EDAC /* Debug */ = {
			isa = XCBuildConfiguration;
			buildSettings = {
				ALWAYS_SEARCH_USER_PATHS = NO;
				CLANG_ANALYZER_NONNULL = YES;
				CLANG_ANALYZER_NUMBER_OBJECT_CONVERSION = YES_AGGRESSIVE;
				CLANG_CXX_LANGUAGE_STANDARD = "gnu++14";
				CLANG_CXX_LIBRARY = "libc++";
				CLANG_ENABLE_MODULES = YES;
				CLANG_ENABLE_OBJC_ARC = YES;
				CLANG_ENABLE_OBJC_WEAK = YES;
				CLANG_WARN_BLOCK_CAPTURE_AUTORELEASING = YES;
				CLANG_WARN_BOOL_CONVERSION = YES;
				CLANG_WARN_COMMA = YES;
				CLANG_WARN_CONSTANT_CONVERSION = YES;
				CLANG_WARN_DEPRECATED_OBJC_IMPLEMENTATIONS = YES;
				CLANG_WARN_DIRECT_OBJC_ISA_USAGE = YES_ERROR;
				CLANG_WARN_DOCUMENTATION_COMMENTS = YES;
				CLANG_WARN_EMPTY_BODY = YES;
				CLANG_WARN_ENUM_CONVERSION = YES;
				CLANG_WARN_INFINITE_RECURSION = YES;
				CLANG_WARN_INT_CONVERSION = YES;
				CLANG_WARN_NON_LITERAL_NULL_CONVERSION = YES;
				CLANG_WARN_OBJC_IMPLICIT_RETAIN_SELF = YES;
				CLANG_WARN_OBJC_LITERAL_CONVERSION = YES;
				CLANG_WARN_OBJC_ROOT_CLASS = YES_ERROR;
				CLANG_WARN_RANGE_LOOP_ANALYSIS = YES;
				CLANG_WARN_STRICT_PROTOTYPES = YES;
				CLANG_WARN_SUSPICIOUS_MOVE = YES;
				CLANG_WARN_UNGUARDED_AVAILABILITY = YES_AGGRESSIVE;
				CLANG_WARN_UNREACHABLE_CODE = YES;
				CLANG_WARN__DUPLICATE_METHOD_MATCH = YES;
				COPY_PHASE_STRIP = NO;
				DEBUG_INFORMATION_FORMAT = dwarf;
				ENABLE_STRICT_OBJC_MSGSEND = YES;
				ENABLE_TESTABILITY = YES;
				GCC_C_LANGUAGE_STANDARD = gnu11;
				GCC_DYNAMIC_NO_PIC = NO;
				GCC_NO_COMMON_BLOCKS = YES;
				GCC_OPTIMIZATION_LEVEL = 0;
				GCC_PREPROCESSOR_DEFINITIONS = (
					"DEBUG=1",
					"$(inherited)",
				);
				GCC_WARN_64_TO_32_BIT_CONVERSION = YES;
				GCC_WARN_ABOUT_RETURN_TYPE = YES_ERROR;
				GCC_WARN_UNDECLARED_SELECTOR = YES;
				GCC_WARN_UNINITIALIZED_AUTOS = YES_AGGRESSIVE;
				GCC_WARN_UNUSED_FUNCTION = YES;
				GCC_WARN_UNUSED_VARIABLE = YES;
				IPHONEOS_DEPLOYMENT_TARGET = 11.0;
				MTL_ENABLE_DEBUG_INFO = INCLUDE_SOURCE;
				MTL_FAST_MATH = YES;
				ONLY_ACTIVE_ARCH = YES;
				SDKROOT = iphoneos;
				SWIFT_ACTIVE_COMPILATION_CONDITIONS = DEBUG;
				SWIFT_OPTIMIZATION_LEVEL = "-Onone";
			};
			name = Debug;
		};
		2F42BE5023DA9B7900B9EDAC /* Release */ = {
			isa = XCBuildConfiguration;
			buildSettings = {
				ALWAYS_SEARCH_USER_PATHS = NO;
				CLANG_ANALYZER_NONNULL = YES;
				CLANG_ANALYZER_NUMBER_OBJECT_CONVERSION = YES_AGGRESSIVE;
				CLANG_CXX_LANGUAGE_STANDARD = "gnu++14";
				CLANG_CXX_LIBRARY = "libc++";
				CLANG_ENABLE_MODULES = YES;
				CLANG_ENABLE_OBJC_ARC = YES;
				CLANG_ENABLE_OBJC_WEAK = YES;
				CLANG_WARN_BLOCK_CAPTURE_AUTORELEASING = YES;
				CLANG_WARN_BOOL_CONVERSION = YES;
				CLANG_WARN_COMMA = YES;
				CLANG_WARN_CONSTANT_CONVERSION = YES;
				CLANG_WARN_DEPRECATED_OBJC_IMPLEMENTATIONS = YES;
				CLANG_WARN_DIRECT_OBJC_ISA_USAGE = YES_ERROR;
				CLANG_WARN_DOCUMENTATION_COMMENTS = YES;
				CLANG_WARN_EMPTY_BODY = YES;
				CLANG_WARN_ENUM_CONVERSION = YES;
				CLANG_WARN_INFINITE_RECURSION = YES;
				CLANG_WARN_INT_CONVERSION = YES;
				CLANG_WARN_NON_LITERAL_NULL_CONVERSION = YES;
				CLANG_WARN_OBJC_IMPLICIT_RETAIN_SELF = YES;
				CLANG_WARN_OBJC_LITERAL_CONVERSION = YES;
				CLANG_WARN_OBJC_ROOT_CLASS = YES_ERROR;
				CLANG_WARN_RANGE_LOOP_ANALYSIS = YES;
				CLANG_WARN_STRICT_PROTOTYPES = YES;
				CLANG_WARN_SUSPICIOUS_MOVE = YES;
				CLANG_WARN_UNGUARDED_AVAILABILITY = YES_AGGRESSIVE;
				CLANG_WARN_UNREACHABLE_CODE = YES;
				CLANG_WARN__DUPLICATE_METHOD_MATCH = YES;
				COPY_PHASE_STRIP = NO;
				DEBUG_INFORMATION_FORMAT = "dwarf-with-dsym";
				ENABLE_NS_ASSERTIONS = NO;
				ENABLE_STRICT_OBJC_MSGSEND = YES;
				GCC_C_LANGUAGE_STANDARD = gnu11;
				GCC_NO_COMMON_BLOCKS = YES;
				GCC_WARN_64_TO_32_BIT_CONVERSION = YES;
				GCC_WARN_ABOUT_RETURN_TYPE = YES_ERROR;
				GCC_WARN_UNDECLARED_SELECTOR = YES;
				GCC_WARN_UNINITIALIZED_AUTOS = YES_AGGRESSIVE;
				GCC_WARN_UNUSED_FUNCTION = YES;
				GCC_WARN_UNUSED_VARIABLE = YES;
				IPHONEOS_DEPLOYMENT_TARGET = 11.0;
				MTL_ENABLE_DEBUG_INFO = NO;
				MTL_FAST_MATH = YES;
				SDKROOT = iphoneos;
				SWIFT_COMPILATION_MODE = wholemodule;
				SWIFT_OPTIMIZATION_LEVEL = "-O";
				VALIDATE_PRODUCT = YES;
			};
			name = Release;
		};
		2F42BE5223DA9B7900B9EDAC /* Debug */ = {
			isa = XCBuildConfiguration;
			baseConfigurationReference = 29019D67D06CDAF6B5A82402 /* Pods-ImagePicker.debug.xcconfig */;
			buildSettings = {
				ASSETCATALOG_COMPILER_APPICON_NAME = AppIcon;
				CODE_SIGN_IDENTITY = "Apple Development";
				CODE_SIGN_STYLE = Automatic;
				DEVELOPMENT_TEAM = 576T8HK6X4;
				INFOPLIST_FILE = ImagePicker/Info.plist;
				IPHONEOS_DEPLOYMENT_TARGET = 11.0;
				LD_RUNPATH_SEARCH_PATHS = (
					"$(inherited)",
					"@executable_path/Frameworks",
				);
				PRODUCT_BUNDLE_IDENTIFIER = com.assin.ImagePicker;
				PRODUCT_NAME = "$(TARGET_NAME)";
				PROVISIONING_PROFILE_SPECIFIER = "";
				SWIFT_VERSION = 5.0;
				TARGETED_DEVICE_FAMILY = "1,2";
			};
			name = Debug;
		};
		2F42BE5323DA9B7900B9EDAC /* Release */ = {
			isa = XCBuildConfiguration;
			baseConfigurationReference = 558DA6A8640C3F34DB8C7E9A /* Pods-ImagePicker.release.xcconfig */;
			buildSettings = {
				ASSETCATALOG_COMPILER_APPICON_NAME = AppIcon;
				CODE_SIGN_IDENTITY = "Apple Development";
				CODE_SIGN_STYLE = Automatic;
				DEVELOPMENT_TEAM = 576T8HK6X4;
				INFOPLIST_FILE = ImagePicker/Info.plist;
				IPHONEOS_DEPLOYMENT_TARGET = 11.0;
				LD_RUNPATH_SEARCH_PATHS = (
					"$(inherited)",
					"@executable_path/Frameworks",
				);
				PRODUCT_BUNDLE_IDENTIFIER = com.assin.ImagePicker;
				PRODUCT_NAME = "$(TARGET_NAME)";
				PROVISIONING_PROFILE_SPECIFIER = "";
				SWIFT_VERSION = 5.0;
				TARGETED_DEVICE_FAMILY = "1,2";
			};
			name = Release;
		};
		2F42BE5523DA9B7900B9EDAC /* Debug */ = {
			isa = XCBuildConfiguration;
			baseConfigurationReference = 65C8E258413B23313E1FCEE5 /* Pods-ImagePickerTests.debug.xcconfig */;
			buildSettings = {
				ALWAYS_EMBED_SWIFT_STANDARD_LIBRARIES = YES;
				BUNDLE_LOADER = "$(TEST_HOST)";
				CODE_SIGN_STYLE = Automatic;
				DEVELOPMENT_TEAM = 576T8HK6X4;
				INFOPLIST_FILE = ImagePickerTests/Info.plist;
				IPHONEOS_DEPLOYMENT_TARGET = 11.0;
				LD_RUNPATH_SEARCH_PATHS = (
					"$(inherited)",
					"@executable_path/Frameworks",
					"@loader_path/Frameworks",
				);
				PRODUCT_BUNDLE_IDENTIFIER = com.assin.ImagePickerTests;
				PRODUCT_NAME = "$(TARGET_NAME)";
				SWIFT_VERSION = 5.0;
				TARGETED_DEVICE_FAMILY = "1,2";
				TEST_HOST = "$(BUILT_PRODUCTS_DIR)/ImagePicker.app/ImagePicker";
			};
			name = Debug;
		};
		2F42BE5623DA9B7900B9EDAC /* Release */ = {
			isa = XCBuildConfiguration;
			baseConfigurationReference = D0CAF4EC3EFCA39082E1DB48 /* Pods-ImagePickerTests.release.xcconfig */;
			buildSettings = {
				ALWAYS_EMBED_SWIFT_STANDARD_LIBRARIES = YES;
				BUNDLE_LOADER = "$(TEST_HOST)";
				CODE_SIGN_STYLE = Automatic;
				DEVELOPMENT_TEAM = 576T8HK6X4;
				INFOPLIST_FILE = ImagePickerTests/Info.plist;
				IPHONEOS_DEPLOYMENT_TARGET = 11.0;
				LD_RUNPATH_SEARCH_PATHS = (
					"$(inherited)",
					"@executable_path/Frameworks",
					"@loader_path/Frameworks",
				);
				PRODUCT_BUNDLE_IDENTIFIER = com.assin.ImagePickerTests;
				PRODUCT_NAME = "$(TARGET_NAME)";
				SWIFT_VERSION = 5.0;
				TARGETED_DEVICE_FAMILY = "1,2";
				TEST_HOST = "$(BUILT_PRODUCTS_DIR)/ImagePicker.app/ImagePicker";
			};
			name = Release;
		};
/* End XCBuildConfiguration section */

/* Begin XCConfigurationList section */
		2F42BE2D23DA9B7700B9EDAC /* Build configuration list for PBXProject "ImagePicker" */ = {
			isa = XCConfigurationList;
			buildConfigurations = (
				2F42BE4F23DA9B7900B9EDAC /* Debug */,
				2F42BE5023DA9B7900B9EDAC /* Release */,
			);
			defaultConfigurationIsVisible = 0;
			defaultConfigurationName = Release;
		};
		2F42BE5123DA9B7900B9EDAC /* Build configuration list for PBXNativeTarget "ImagePicker" */ = {
			isa = XCConfigurationList;
			buildConfigurations = (
				2F42BE5223DA9B7900B9EDAC /* Debug */,
				2F42BE5323DA9B7900B9EDAC /* Release */,
			);
			defaultConfigurationIsVisible = 0;
			defaultConfigurationName = Release;
		};
		2F42BE5423DA9B7900B9EDAC /* Build configuration list for PBXNativeTarget "ImagePickerTests" */ = {
			isa = XCConfigurationList;
			buildConfigurations = (
				2F42BE5523DA9B7900B9EDAC /* Debug */,
				2F42BE5623DA9B7900B9EDAC /* Release */,
			);
			defaultConfigurationIsVisible = 0;
			defaultConfigurationName = Release;
		};
/* End XCConfigurationList section */
	};
	rootObject = 2F42BE2A23DA9B7700B9EDAC /* Project object */;
}
